
Microsoft Visual Studio Solution File, Format Version 12.00
# Visual Studio Version 16
VisualStudioVersion = 16.0.29509.3
MinimumVisualStudioVersion = 10.0.40219.1
Project("{FAE04EC0-301F-11D3-BF4B-00C04F79EFBC}") = "ProblemA_AveragePoint", "ProblemA_AveragePoint\ProblemA_AveragePoint.csproj", "{0E56BF37-8566-457B-94B9-BA0D694BA5B8}"
EndProject
Global
	GlobalSection(SolutionConfigurationPlatforms) = preSolution
		Debug|Any CPU = Debug|Any CPU
		Release|Any CPU = Release|Any CPU
	EndGlobalSection
	GlobalSection(ProjectConfigurationPlatforms) = postSolution
		{0E56BF37-8566-457B-94B9-BA0D694BA5B8}.Debug|Any CPU.ActiveCfg = Release|Any CPU
		{0E56BF37-8566-457B-94B9-BA0D694BA5B8}.Debug|Any CPU.Build.0 = Release|Any CPU
		{0E56BF37-8566-457B-94B9-BA0D694BA5B8}.Release|Any CPU.ActiveCfg = Release|Any CPU
		{0E56BF37-8566-457B-94B9-BA0D694BA5B8}.Release|Any CPU.Build.0 = Release|Any CPU
	EndGlobalSection
	GlobalSection(SolutionProperties) = preSolution
		HideSolutionNode = FALSE
	EndGlobalSection
	GlobalSection(ExtensibilityGlobals) = postSolution
		SolutionGuid = {8DA83474-BB63-4A52-AB8E-2764C0F9B505}
	EndGlobalSection
EndGlobal
